
Microsoft Visual Studio Solution File, Format Version 12.00
# Visual Studio Version 16
VisualStudioVersion = 16.0.28922.388
MinimumVisualStudioVersion = 10.0.40219.1
Project("{9A19103F-16F7-4668-BE54-9A1E7A4F7556}") = "GeneratorProject", "GeneratorProject.IonicFrameworkCodeSamples\GeneratorProject\GeneratorProject.csproj", "{D7B5B242-4E50-423B-9D06-A0A3933D8AF0}"
EndProject
Project("{FAE04EC0-301F-11D3-BF4B-00C04F79EFBC}") = "GeneratorProject.Tests", "GeneratorProject.IonicFrameworkCodeSamples\GeneratorProject.Tests\GeneratorProject.Tests.csproj", "{52C6FB37-3678-4175-89D9-71C4BEBBABE9}"
EndProject
Global
	GlobalSection(SolutionConfigurationPlatforms) = preSolution
		Debug|Any CPU = Debug|Any CPU
		Release|Any CPU = Release|Any CPU
	EndGlobalSection
	GlobalSection(ProjectConfigurationPlatforms) = postSolution
		{D7B5B242-4E50-423B-9D06-A0A3933D8AF0}.Debug|Any CPU.ActiveCfg = Debug|Any CPU
		{D7B5B242-4E50-423B-9D06-A0A3933D8AF0}.Debug|Any CPU.Build.0 = Debug|Any CPU
		{D7B5B242-4E50-423B-9D06-A0A3933D8AF0}.Release|Any CPU.ActiveCfg = Release|Any CPU
		{D7B5B242-4E50-423B-9D06-A0A3933D8AF0}.Release|Any CPU.Build.0 = Release|Any CPU
		{52C6FB37-3678-4175-89D9-71C4BEBBABE9}.Debug|Any CPU.ActiveCfg = Debug|Any CPU
		{52C6FB37-3678-4175-89D9-71C4BEBBABE9}.Debug|Any CPU.Build.0 = Debug|Any CPU
		{52C6FB37-3678-4175-89D9-71C4BEBBABE9}.Release|Any CPU.ActiveCfg = Release|Any CPU
		{52C6FB37-3678-4175-89D9-71C4BEBBABE9}.Release|Any CPU.Build.0 = Release|Any CPU
	EndGlobalSection
	GlobalSection(SolutionProperties) = preSolution
		HideSolutionNode = FALSE
	EndGlobalSection
	GlobalSection(ExtensibilityGlobals) = postSolution
		SolutionGuid = {7BD96EAE-9266-4EA4-8ACD-B0EEBA0FC82B}
	EndGlobalSection
EndGlobal
