
Microsoft Visual Studio Solution File, Format Version 12.00
# Visual Studio Version 16
VisualStudioVersion = 16.0.29319.158
MinimumVisualStudioVersion = 10.0.40219.1
Project("{9A19103F-16F7-4668-BE54-9A1E7A4F7556}") = "GeneratorProject", "IonicGenerator\GeneratorProject\GeneratorProject.csproj", "{A04388BE-B18A-4782-88CB-E6D246858C7F}"
EndProject
Project("{9A19103F-16F7-4668-BE54-9A1E7A4F7556}") = "GeneratorProject.Tests", "IonicGenerator\GeneratorProject.Tests\GeneratorProject.Tests.csproj", "{6BE175F4-0D11-4AF7-A994-369A357CA59C}"
EndProject
Global
	GlobalSection(SolutionConfigurationPlatforms) = preSolution
		Debug|Any CPU = Debug|Any CPU
		Release|Any CPU = Release|Any CPU
	EndGlobalSection
	GlobalSection(ProjectConfigurationPlatforms) = postSolution
		{A04388BE-B18A-4782-88CB-E6D246858C7F}.Debug|Any CPU.ActiveCfg = Debug|Any CPU
		{A04388BE-B18A-4782-88CB-E6D246858C7F}.Debug|Any CPU.Build.0 = Debug|Any CPU
		{A04388BE-B18A-4782-88CB-E6D246858C7F}.Release|Any CPU.ActiveCfg = Release|Any CPU
		{A04388BE-B18A-4782-88CB-E6D246858C7F}.Release|Any CPU.Build.0 = Release|Any CPU
		{6BE175F4-0D11-4AF7-A994-369A357CA59C}.Debug|Any CPU.ActiveCfg = Debug|Any CPU
		{6BE175F4-0D11-4AF7-A994-369A357CA59C}.Debug|Any CPU.Build.0 = Debug|Any CPU
		{6BE175F4-0D11-4AF7-A994-369A357CA59C}.Release|Any CPU.ActiveCfg = Release|Any CPU
		{6BE175F4-0D11-4AF7-A994-369A357CA59C}.Release|Any CPU.Build.0 = Release|Any CPU
	EndGlobalSection
	GlobalSection(SolutionProperties) = preSolution
		HideSolutionNode = FALSE
	EndGlobalSection
	GlobalSection(ExtensibilityGlobals) = postSolution
		SolutionGuid = {B61C5D6B-F977-45C7-801A-E790CBDA319A}
	EndGlobalSection
EndGlobal
